
Microsoft Visual Studio Solution File, Format Version 12.00
# Visual Studio Version 16
VisualStudioVersion = 16.0.29009.5
MinimumVisualStudioVersion = 10.0.40219.1
Project("{2150E333-8FDC-42A3-9474-1A3956D46DE8}") = "src", "src", "{FE844CA2-AA51-4B52-B927-4ECBC3A5F7EE}"
EndProject
Project("{2150E333-8FDC-42A3-9474-1A3956D46DE8}") = "tests", "tests", "{C31803CF-C5CA-4B53-90FC-16BA823C3691}"
EndProject
Project("{9A19103F-16F7-4668-BE54-9A1E7A4F7556}") = "UserAPI.Svc", "UserAPI.Svc\UserAPI.Svc.csproj", "{35DE8C49-8403-4906-988C-BAEB5A829546}"
EndProject
Project("{9A19103F-16F7-4668-BE54-9A1E7A4F7556}") = "UserAPI.Svc.Tests", "UserAPI.Svc.Tests\UserAPI.Svc.Tests.csproj", "{D77C319B-22E5-4BFD-B05D-80B0FD0EFDEA}"
EndProject
Project("{2150E333-8FDC-42A3-9474-1A3956D46DE8}") = "Solution Items", "Solution Items", "{BDDA61B7-4B8D-45A5-A959-E86CF092F132}"
	ProjectSection(SolutionItems) = preProject
		stylecop.ruleset = stylecop.ruleset
	EndProjectSection
EndProject
Global
	GlobalSection(SolutionConfigurationPlatforms) = preSolution
		Debug|Any CPU = Debug|Any CPU
		Release|Any CPU = Release|Any CPU
	EndGlobalSection
	GlobalSection(ProjectConfigurationPlatforms) = postSolution
		{35DE8C49-8403-4906-988C-BAEB5A829546}.Debug|Any CPU.ActiveCfg = Debug|Any CPU
		{35DE8C49-8403-4906-988C-BAEB5A829546}.Debug|Any CPU.Build.0 = Debug|Any CPU
		{35DE8C49-8403-4906-988C-BAEB5A829546}.Release|Any CPU.ActiveCfg = Release|Any CPU
		{35DE8C49-8403-4906-988C-BAEB5A829546}.Release|Any CPU.Build.0 = Release|Any CPU
		{D77C319B-22E5-4BFD-B05D-80B0FD0EFDEA}.Debug|Any CPU.ActiveCfg = Debug|Any CPU
		{D77C319B-22E5-4BFD-B05D-80B0FD0EFDEA}.Debug|Any CPU.Build.0 = Debug|Any CPU
		{D77C319B-22E5-4BFD-B05D-80B0FD0EFDEA}.Release|Any CPU.ActiveCfg = Release|Any CPU
	EndGlobalSection
	GlobalSection(SolutionProperties) = preSolution
		HideSolutionNode = FALSE
	EndGlobalSection
	GlobalSection(NestedProjects) = preSolution
		{35DE8C49-8403-4906-988C-BAEB5A829546} = {FE844CA2-AA51-4B52-B927-4ECBC3A5F7EE}
		{D77C319B-22E5-4BFD-B05D-80B0FD0EFDEA} = {C31803CF-C5CA-4B53-90FC-16BA823C3691}
	EndGlobalSection
	GlobalSection(ExtensibilityGlobals) = postSolution
		SolutionGuid = {7BA3CB4E-06DB-4D31-B9AC-74B3EBDF0E92}
	EndGlobalSection
EndGlobal
